
Microsoft Visual Studio Solution File, Format Version 12.00
# Visual Studio Version 17
VisualStudioVersion = 17.10.35004.147
MinimumVisualStudioVersion = 10.0.40219.1
Project("{FAE04EC0-301F-11D3-BF4B-00C04F79EFBC}") = "02", "02\02.csproj", "{9FC154A9-7C26-429B-88DA-6E105D71180D}"
EndProject
Project("{FAE04EC0-301F-11D3-BF4B-00C04F79EFBC}") = "03", "03\03.csproj", "{C282EEF9-5E04-408C-9105-EB0DFBDE9720}"
EndProject
Project("{FAE04EC0-301F-11D3-BF4B-00C04F79EFBC}") = "04", "04\04.csproj", "{5439168B-3687-475C-BAC4-86198EBC4FB3}"
EndProject
Project("{FAE04EC0-301F-11D3-BF4B-00C04F79EFBC}") = "05", "05\05.csproj", "{C18C8FEB-BA0E-44BA-BE21-9A4A8518F621}"
EndProject
Global
	GlobalSection(SolutionConfigurationPlatforms) = preSolution
		Debug|Any CPU = Debug|Any CPU
		Release|Any CPU = Release|Any CPU
	EndGlobalSection
	GlobalSection(ProjectConfigurationPlatforms) = postSolution
		{9FC154A9-7C26-429B-88DA-6E105D71180D}.Debug|Any CPU.ActiveCfg = Debug|Any CPU
		{9FC154A9-7C26-429B-88DA-6E105D71180D}.Debug|Any CPU.Build.0 = Debug|Any CPU
		{9FC154A9-7C26-429B-88DA-6E105D71180D}.Release|Any CPU.ActiveCfg = Release|Any CPU
		{9FC154A9-7C26-429B-88DA-6E105D71180D}.Release|Any CPU.Build.0 = Release|Any CPU
		{C282EEF9-5E04-408C-9105-EB0DFBDE9720}.Debug|Any CPU.ActiveCfg = Debug|Any CPU
		{C282EEF9-5E04-408C-9105-EB0DFBDE9720}.Debug|Any CPU.Build.0 = Debug|Any CPU
		{C282EEF9-5E04-408C-9105-EB0DFBDE9720}.Release|Any CPU.ActiveCfg = Release|Any CPU
		{C282EEF9-5E04-408C-9105-EB0DFBDE9720}.Release|Any CPU.Build.0 = Release|Any CPU
		{5439168B-3687-475C-BAC4-86198EBC4FB3}.Debug|Any CPU.ActiveCfg = Debug|Any CPU
		{5439168B-3687-475C-BAC4-86198EBC4FB3}.Debug|Any CPU.Build.0 = Debug|Any CPU
		{5439168B-3687-475C-BAC4-86198EBC4FB3}.Release|Any CPU.ActiveCfg = Release|Any CPU
		{5439168B-3687-475C-BAC4-86198EBC4FB3}.Release|Any CPU.Build.0 = Release|Any CPU
		{C18C8FEB-BA0E-44BA-BE21-9A4A8518F621}.Debug|Any CPU.ActiveCfg = Debug|Any CPU
		{C18C8FEB-BA0E-44BA-BE21-9A4A8518F621}.Debug|Any CPU.Build.0 = Debug|Any CPU
		{C18C8FEB-BA0E-44BA-BE21-9A4A8518F621}.Release|Any CPU.ActiveCfg = Release|Any CPU
		{C18C8FEB-BA0E-44BA-BE21-9A4A8518F621}.Release|Any CPU.Build.0 = Release|Any CPU
	EndGlobalSection
	GlobalSection(SolutionProperties) = preSolution
		HideSolutionNode = FALSE
	EndGlobalSection
	GlobalSection(ExtensibilityGlobals) = postSolution
		SolutionGuid = {098C8B15-73E6-4864-BA1B-7787A0F111D2}
	EndGlobalSection
EndGlobal
